# This file is automatically @generated by Cargo.
# It is not intended for manual editing.
version = 4

[[package]]
name = "docwrite-app"
version = "0.1.0"
dependencies = [
 "docwrite-export",
 "docwrite-model",
 "docwrite-typeset",
]

[[package]]
name = "docwrite-export"
version = "0.1.0"
dependencies = [
 "docwrite-model",
 "docwrite-typeset",
]

[[package]]
name = "docwrite-model"
version = "0.1.0"

[[package]]
name = "docwrite-typeset"
version = "0.1.0"
dependencies = [
 "docwrite-model",
]
